
Microsoft Visual Studio Solution File, Format Version 12.00
# Visual Studio Version 16
VisualStudioVersion = 16.0.31702.278
MinimumVisualStudioVersion = 10.0.40219.1
Project("{FAE04EC0-301F-11D3-BF4B-00C04F79EFBC}") = "UI-PrototypeMoviesDBv0.5", "UI-PrototypeMoviesDBv0.5\UI-PrototypeMoviesDBv0.5.csproj", "{3AECD31B-704D-4903-AA21-10A90D2E9ED4}"
EndProject
Global
	GlobalSection(SolutionConfigurationPlatforms) = preSolution
		Debug|Any CPU = Debug|Any CPU
		Release|Any CPU = Release|Any CPU
	EndGlobalSection
	GlobalSection(ProjectConfigurationPlatforms) = postSolution
		{3AECD31B-704D-4903-AA21-10A90D2E9ED4}.Debug|Any CPU.ActiveCfg = Debug|Any CPU
		{3AECD31B-704D-4903-AA21-10A90D2E9ED4}.Debug|Any CPU.Build.0 = Debug|Any CPU
		{3AECD31B-704D-4903-AA21-10A90D2E9ED4}.Release|Any CPU.ActiveCfg = Release|Any CPU
		{3AECD31B-704D-4903-AA21-10A90D2E9ED4}.Release|Any CPU.Build.0 = Release|Any CPU
	EndGlobalSection
	GlobalSection(SolutionProperties) = preSolution
		HideSolutionNode = FALSE
	EndGlobalSection
	GlobalSection(ExtensibilityGlobals) = postSolution
		SolutionGuid = {989C4C27-7C1B-4127-B6ED-0CDE381589D7}
	EndGlobalSection
EndGlobal
